// !$*UTF8*$!
{
	archiveVersion = 1;
	classes = {
	};
	objectVersion = 56;
	objects = {

/* Begin PBXBuildFile section */
		2789338A2DA8AF5200726EA2 /* studingsApp.swift in Sources */ = {isa = PBXBuildFile; fileRef = 278933892DA8AF5200726EA2 /* studingsApp.swift */; };
		2789338C2DA8AF5200726EA2 /* ContentView.swift in Sources */ = {isa = PBXBuildFile; fileRef = 2789338B2DA8AF5200726EA2 /* ContentView.swift */; };
		2789338E2DA8AF5600726EA2 /* Assets.xcassets in Resources */ = {isa = PBXBuildFile; fileRef = 2789338D2DA8AF5600726EA2 /* Assets.xcassets */; };
		278933912DA8AF5600726EA2 /* Preview Assets.xcassets in Resources */ = {isa = PBXBuildFile; fileRef = 278933902DA8AF5600726EA2 /* Preview Assets.xcassets */; };
		27BFDF9D2DAE1F75000153B6 /* ForcePassword.swift in Sources */ = {isa = PBXBuildFile; fileRef = 27BFDF9C2DAE1F75000153B6 /* ForcePassword.swift */; };
		27BFDF9F2DAECFC0000153B6 /* ValidateAccount.swift in Sources */ = {isa = PBXBuildFile; fileRef = 27BFDF9E2DAECFC0000153B6 /* ValidateAccount.swift */; };
		27BFDFA12DAEDE56000153B6 /* PasswordGame.swift in Sources */ = {isa = PBXBuildFile; fileRef = 27BFDFA02DAEDE56000153B6 /* PasswordGame.swift */; };
		27D134122DADF5E300770CF6 /* ValidateEmail.swift in Sources */ = {isa = PBXBuildFile; fileRef = 27D134112DADF5E300770CF6 /* ValidateEmail.swift */; };
		27D134142DADFD3800770CF6 /* ValidateAcess.swift in Sources */ = {isa = PBXBuildFile; fileRef = 27D134132DADFD3800770CF6 /* ValidateAcess.swift */; };
		27D134162DAE068300770CF6 /* CountNumbers.swift in Sources */ = {isa = PBXBuildFile; fileRef = 27D134152DAE068300770CF6 /* CountNumbers.swift */; };
		27D4B10D2DAAFDE70099DB1C /* TimerStart.swift in Sources */ = {isa = PBXBuildFile; fileRef = 27D4B10C2DAAFDE70099DB1C /* TimerStart.swift */; };
		27D4B10F2DAB0D820099DB1C /* Countdown.swift in Sources */ = {isa = PBXBuildFile; fileRef = 27D4B10E2DAB0D820099DB1C /* Countdown.swift */; };
		27D4B1112DAB158A0099DB1C /* TextFieldTimer.swift in Sources */ = {isa = PBXBuildFile; fileRef = 27D4B1102DAB158A0099DB1C /* TextFieldTimer.swift */; };
		27D4B1132DAB38A40099DB1C /* ListPersonInvite.swift in Sources */ = {isa = PBXBuildFile; fileRef = 27D4B1122DAB38A40099DB1C /* ListPersonInvite.swift */; };
/* End PBXBuildFile section */

/* Begin PBXFileReference section */
		278933862DA8AF5200726EA2 /* studings.app */ = {isa = PBXFileReference; explicitFileType = wrapper.application; includeInIndex = 0; path = studings.app; sourceTree = BUILT_PRODUCTS_DIR; };
		278933892DA8AF5200726EA2 /* studingsApp.swift */ = {isa = PBXFileReference; lastKnownFileType = sourcecode.swift; path = studingsApp.swift; sourceTree = "<group>"; };
		2789338B2DA8AF5200726EA2 /* ContentView.swift */ = {isa = PBXFileReference; lastKnownFileType = sourcecode.swift; path = ContentView.swift; sourceTree = "<group>"; };
		2789338D2DA8AF5600726EA2 /* Assets.xcassets */ = {isa = PBXFileReference; lastKnownFileType = folder.assetcatalog; path = Assets.xcassets; sourceTree = "<group>"; };
		278933902DA8AF5600726EA2 /* Preview Assets.xcassets */ = {isa = PBXFileReference; lastKnownFileType = folder.assetcatalog; path = "Preview Assets.xcassets"; sourceTree = "<group>"; };
		27BFDF9C2DAE1F75000153B6 /* ForcePassword.swift */ = {isa = PBXFileReference; lastKnownFileType = sourcecode.swift; path = ForcePassword.swift; sourceTree = "<group>"; };
		27BFDF9E2DAECFC0000153B6 /* ValidateAccount.swift */ = {isa = PBXFileReference; lastKnownFileType = sourcecode.swift; path = ValidateAccount.swift; sourceTree = "<group>"; };
		27BFDFA02DAEDE56000153B6 /* PasswordGame.swift */ = {isa = PBXFileReference; lastKnownFileType = sourcecode.swift; path = PasswordGame.swift; sourceTree = "<group>"; };
		27D134112DADF5E300770CF6 /* ValidateEmail.swift */ = {isa = PBXFileReference; lastKnownFileType = sourcecode.swift; path = ValidateEmail.swift; sourceTree = "<group>"; };
		27D134132DADFD3800770CF6 /* ValidateAcess.swift */ = {isa = PBXFileReference; lastKnownFileType = sourcecode.swift; path = ValidateAcess.swift; sourceTree = "<group>"; };
		27D134152DAE068300770CF6 /* CountNumbers.swift */ = {isa = PBXFileReference; lastKnownFileType = sourcecode.swift; path = CountNumbers.swift; sourceTree = "<group>"; };
		27D4B10C2DAAFDE70099DB1C /* TimerStart.swift */ = {isa = PBXFileReference; lastKnownFileType = sourcecode.swift; path = TimerStart.swift; sourceTree = "<group>"; };
		27D4B10E2DAB0D820099DB1C /* Countdown.swift */ = {isa = PBXFileReference; lastKnownFileType = sourcecode.swift; path = Countdown.swift; sourceTree = "<group>"; };
		27D4B1102DAB158A0099DB1C /* TextFieldTimer.swift */ = {isa = PBXFileReference; lastKnownFileType = sourcecode.swift; path = TextFieldTimer.swift; sourceTree = "<group>"; };
		27D4B1122DAB38A40099DB1C /* ListPersonInvite.swift */ = {isa = PBXFileReference; lastKnownFileType = sourcecode.swift; path = ListPersonInvite.swift; sourceTree = "<group>"; };
/* End PBXFileReference section */

/* Begin PBXFrameworksBuildPhase section */
		278933832DA8AF5200726EA2 /* Frameworks */ = {
			isa = PBXFrameworksBuildPhase;
			buildActionMask = 2147483647;
			files = (
			);
			runOnlyForDeploymentPostprocessing = 0;
		};
/* End PBXFrameworksBuildPhase section */

/* Begin PBXGroup section */
		2789337D2DA8AF5100726EA2 = {
			isa = PBXGroup;
			children = (
				278933882DA8AF5200726EA2 /* studings */,
				278933872DA8AF5200726EA2 /* Products */,
			);
			sourceTree = "<group>";
		};
		278933872DA8AF5200726EA2 /* Products */ = {
			isa = PBXGroup;
			children = (
				278933862DA8AF5200726EA2 /* studings.app */,
			);
			name = Products;
			sourceTree = "<group>";
		};
		278933882DA8AF5200726EA2 /* studings */ = {
			isa = PBXGroup;
			children = (
				27BFDF9E2DAECFC0000153B6 /* ValidateAccount.swift */,
				27BFDF9C2DAE1F75000153B6 /* ForcePassword.swift */,
				27D134152DAE068300770CF6 /* CountNumbers.swift */,
				27D134132DADFD3800770CF6 /* ValidateAcess.swift */,
				27D134112DADF5E300770CF6 /* ValidateEmail.swift */,
				27D4B1122DAB38A40099DB1C /* ListPersonInvite.swift */,
				27D4B1102DAB158A0099DB1C /* TextFieldTimer.swift */,
				27D4B10E2DAB0D820099DB1C /* Countdown.swift */,
				27D4B10C2DAAFDE70099DB1C /* TimerStart.swift */,
				278933892DA8AF5200726EA2 /* studingsApp.swift */,
				2789338B2DA8AF5200726EA2 /* ContentView.swift */,
				2789338D2DA8AF5600726EA2 /* Assets.xcassets */,
				2789338F2DA8AF5600726EA2 /* Preview Content */,
				27BFDFA02DAEDE56000153B6 /* PasswordGame.swift */,
			);
			path = studings;
			sourceTree = "<group>";
		};
		2789338F2DA8AF5600726EA2 /* Preview Content */ = {
			isa = PBXGroup;
			children = (
				278933902DA8AF5600726EA2 /* Preview Assets.xcassets */,
			);
			path = "Preview Content";
			sourceTree = "<group>";
		};
/* End PBXGroup section */

/* Begin PBXNativeTarget section */
		278933852DA8AF5200726EA2 /* studings */ = {
			isa = PBXNativeTarget;
			buildConfigurationList = 278933942DA8AF5600726EA2 /* Build configuration list for PBXNativeTarget "studings" */;
			buildPhases = (
				278933822DA8AF5200726EA2 /* Sources */,
				278933832DA8AF5200726EA2 /* Frameworks */,
				278933842DA8AF5200726EA2 /* Resources */,
			);
			buildRules = (
			);
			dependencies = (
			);
			name = studings;
			productName = studings;
			productReference = 278933862DA8AF5200726EA2 /* studings.app */;
			productType = "com.apple.product-type.application";
		};
/* End PBXNativeTarget section */

/* Begin PBXProject section */
		2789337E2DA8AF5100726EA2 /* Project object */ = {
			isa = PBXProject;
			attributes = {
				BuildIndependentTargetsInParallel = 1;
				LastSwiftUpdateCheck = 1500;
				LastUpgradeCheck = 1500;
				TargetAttributes = {
					278933852DA8AF5200726EA2 = {
						CreatedOnToolsVersion = 15.0;
					};
				};
			};
			buildConfigurationList = 278933812DA8AF5100726EA2 /* Build configuration list for PBXProject "studings" */;
			compatibilityVersion = "Xcode 14.0";
			developmentRegion = en;
			hasScannedForEncodings = 0;
			knownRegions = (
				en,
				Base,
			);
			mainGroup = 2789337D2DA8AF5100726EA2;
			productRefGroup = 278933872DA8AF5200726EA2 /* Products */;
			projectDirPath = "";
			projectRoot = "";
			targets = (
				278933852DA8AF5200726EA2 /* studings */,
			);
		};
/* End PBXProject section */

/* Begin PBXResourcesBuildPhase section */
		278933842DA8AF5200726EA2 /* Resources */ = {
			isa = PBXResourcesBuildPhase;
			buildActionMask = 2147483647;
			files = (
				278933912DA8AF5600726EA2 /* Preview Assets.xcassets in Resources */,
				2789338E2DA8AF5600726EA2 /* Assets.xcassets in Resources */,
			);
			runOnlyForDeploymentPostprocessing = 0;
		};
/* End PBXResourcesBuildPhase section */

/* Begin PBXSourcesBuildPhase section */
		278933822DA8AF5200726EA2 /* Sources */ = {
			isa = PBXSourcesBuildPhase;
			buildActionMask = 2147483647;
			files = (
				2789338C2DA8AF5200726EA2 /* ContentView.swift in Sources */,
				2789338A2DA8AF5200726EA2 /* studingsApp.swift in Sources */,
				27BFDFA12DAEDE56000153B6 /* PasswordGame.swift in Sources */,
				27BFDF9D2DAE1F75000153B6 /* ForcePassword.swift in Sources */,
				27D134122DADF5E300770CF6 /* ValidateEmail.swift in Sources */,
				27D4B1112DAB158A0099DB1C /* TextFieldTimer.swift in Sources */,
				27D4B10D2DAAFDE70099DB1C /* TimerStart.swift in Sources */,
				27BFDF9F2DAECFC0000153B6 /* ValidateAccount.swift in Sources */,
				27D4B10F2DAB0D820099DB1C /* Countdown.swift in Sources */,
				27D4B1132DAB38A40099DB1C /* ListPersonInvite.swift in Sources */,
				27D134142DADFD3800770CF6 /* ValidateAcess.swift in Sources */,
				27D134162DAE068300770CF6 /* CountNumbers.swift in Sources */,
			);
			runOnlyForDeploymentPostprocessing = 0;
		};
/* End PBXSourcesBuildPhase section */

/* Begin XCBuildConfiguration section */
		278933922DA8AF5600726EA2 /* Debug */ = {
			isa = XCBuildConfiguration;
			buildSettings = {
				ALWAYS_SEARCH_USER_PATHS = NO;
				ASSETCATALOG_COMPILER_GENERATE_SWIFT_ASSET_SYMBOL_EXTENSIONS = YES;
				CLANG_ANALYZER_NONNULL = YES;
				CLANG_ANALYZER_NUMBER_OBJECT_CONVERSION = YES_AGGRESSIVE;
				CLANG_CXX_LANGUAGE_STANDARD = "gnu++20";
				CLANG_ENABLE_MODULES = YES;
				CLANG_ENABLE_OBJC_ARC = YES;
				CLANG_ENABLE_OBJC_WEAK = YES;
				CLANG_WARN_BLOCK_CAPTURE_AUTORELEASING = YES;
				CLANG_WARN_BOOL_CONVERSION = YES;
				CLANG_WARN_COMMA = YES;
				CLANG_WARN_CONSTANT_CONVERSION = YES;
				CLANG_WARN_DEPRECATED_OBJC_IMPLEMENTATIONS = YES;
				CLANG_WARN_DIRECT_OBJC_ISA_USAGE = YES_ERROR;
				CLANG_WARN_DOCUMENTATION_COMMENTS = YES;
				CLANG_WARN_EMPTY_BODY = YES;
				CLANG_WARN_ENUM_CONVERSION = YES;
				CLANG_WARN_INFINITE_RECURSION = YES;
				CLANG_WARN_INT_CONVERSION = YES;
				CLANG_WARN_NON_LITERAL_NULL_CONVERSION = YES;
				CLANG_WARN_OBJC_IMPLICIT_RETAIN_SELF = YES;
				CLANG_WARN_OBJC_LITERAL_CONVERSION = YES;
				CLANG_WARN_OBJC_ROOT_CLASS = YES_ERROR;
				CLANG_WARN_QUOTED_INCLUDE_IN_FRAMEWORK_HEADER = YES;
				CLANG_WARN_RANGE_LOOP_ANALYSIS = YES;
				CLANG_WARN_STRICT_PROTOTYPES = YES;
				CLANG_WARN_SUSPICIOUS_MOVE = YES;
				CLANG_WARN_UNGUARDED_AVAILABILITY = YES_AGGRESSIVE;
				CLANG_WARN_UNREACHABLE_CODE = YES;
				CLANG_WARN__DUPLICATE_METHOD_MATCH = YES;
				COPY_PHASE_STRIP = NO;
				DEBUG_INFORMATION_FORMAT = dwarf;
				ENABLE_STRICT_OBJC_MSGSEND = YES;
				ENABLE_TESTABILITY = YES;
				ENABLE_USER_SCRIPT_SANDBOXING = YES;
				GCC_C_LANGUAGE_STANDARD = gnu17;
				GCC_DYNAMIC_NO_PIC = NO;
				GCC_NO_COMMON_BLOCKS = YES;
				GCC_OPTIMIZATION_LEVEL = 0;
				GCC_PREPROCESSOR_DEFINITIONS = (
					"DEBUG=1",
					"$(inherited)",
				);
				GCC_WARN_64_TO_32_BIT_CONVERSION = YES;
				GCC_WARN_ABOUT_RETURN_TYPE = YES_ERROR;
				GCC_WARN_UNDECLARED_SELECTOR = YES;
				GCC_WARN_UNINITIALIZED_AUTOS = YES_AGGRESSIVE;
				GCC_WARN_UNUSED_FUNCTION = YES;
				GCC_WARN_UNUSED_VARIABLE = YES;
				IPHONEOS_DEPLOYMENT_TARGET = 17.0;
				LOCALIZATION_PREFERS_STRING_CATALOGS = YES;
				MTL_ENABLE_DEBUG_INFO = INCLUDE_SOURCE;
				MTL_FAST_MATH = YES;
				ONLY_ACTIVE_ARCH = YES;
				SDKROOT = iphoneos;
				SWIFT_ACTIVE_COMPILATION_CONDITIONS = "DEBUG $(inherited)";
				SWIFT_OPTIMIZATION_LEVEL = "-Onone";
			};
			name = Debug;
		};
		278933932DA8AF5600726EA2 /* Release */ = {
			isa = XCBuildConfiguration;
			buildSettings = {
				ALWAYS_SEARCH_USER_PATHS = NO;
				ASSETCATALOG_COMPILER_GENERATE_SWIFT_ASSET_SYMBOL_EXTENSIONS = YES;
				CLANG_ANALYZER_NONNULL = YES;
				CLANG_ANALYZER_NUMBER_OBJECT_CONVERSION = YES_AGGRESSIVE;
				CLANG_CXX_LANGUAGE_STANDARD = "gnu++20";
				CLANG_ENABLE_MODULES = YES;
				CLANG_ENABLE_OBJC_ARC = YES;
				CLANG_ENABLE_OBJC_WEAK = YES;
				CLANG_WARN_BLOCK_CAPTURE_AUTORELEASING = YES;
				CLANG_WARN_BOOL_CONVERSION = YES;
				CLANG_WARN_COMMA = YES;
				CLANG_WARN_CONSTANT_CONVERSION = YES;
				CLANG_WARN_DEPRECATED_OBJC_IMPLEMENTATIONS = YES;
				CLANG_WARN_DIRECT_OBJC_ISA_USAGE = YES_ERROR;
				CLANG_WARN_DOCUMENTATION_COMMENTS = YES;
				CLANG_WARN_EMPTY_BODY = YES;
				CLANG_WARN_ENUM_CONVERSION = YES;
				CLANG_WARN_INFINITE_RECURSION = YES;
				CLANG_WARN_INT_CONVERSION = YES;
				CLANG_WARN_NON_LITERAL_NULL_CONVERSION = YES;
				CLANG_WARN_OBJC_IMPLICIT_RETAIN_SELF = YES;
				CLANG_WARN_OBJC_LITERAL_CONVERSION = YES;
				CLANG_WARN_OBJC_ROOT_CLASS = YES_ERROR;
				CLANG_WARN_QUOTED_INCLUDE_IN_FRAMEWORK_HEADER = YES;
				CLANG_WARN_RANGE_LOOP_ANALYSIS = YES;
				CLANG_WARN_STRICT_PROTOTYPES = YES;
				CLANG_WARN_SUSPICIOUS_MOVE = YES;
				CLANG_WARN_UNGUARDED_AVAILABILITY = YES_AGGRESSIVE;
				CLANG_WARN_UNREACHABLE_CODE = YES;
				CLANG_WARN__DUPLICATE_METHOD_MATCH = YES;
				COPY_PHASE_STRIP = NO;
				DEBUG_INFORMATION_FORMAT = "dwarf-with-dsym";
				ENABLE_NS_ASSERTIONS = NO;
				ENABLE_STRICT_OBJC_MSGSEND = YES;
				ENABLE_USER_SCRIPT_SANDBOXING = YES;
				GCC_C_LANGUAGE_STANDARD = gnu17;
				GCC_NO_COMMON_BLOCKS = YES;
				GCC_WARN_64_TO_32_BIT_CONVERSION = YES;
				GCC_WARN_ABOUT_RETURN_TYPE = YES_ERROR;
				GCC_WARN_UNDECLARED_SELECTOR = YES;
				GCC_WARN_UNINITIALIZED_AUTOS = YES_AGGRESSIVE;
				GCC_WARN_UNUSED_FUNCTION = YES;
				GCC_WARN_UNUSED_VARIABLE = YES;
				IPHONEOS_DEPLOYMENT_TARGET = 17.0;
				LOCALIZATION_PREFERS_STRING_CATALOGS = YES;
				MTL_ENABLE_DEBUG_INFO = NO;
				MTL_FAST_MATH = YES;
				SDKROOT = iphoneos;
				SWIFT_COMPILATION_MODE = wholemodule;
				VALIDATE_PRODUCT = YES;
			};
			name = Release;
		};
		278933952DA8AF5600726EA2 /* Debug */ = {
			isa = XCBuildConfiguration;
			buildSettings = {
				ASSETCATALOG_COMPILER_APPICON_NAME = AppIcon;
				ASSETCATALOG_COMPILER_GLOBAL_ACCENT_COLOR_NAME = AccentColor;
				CODE_SIGN_STYLE = Automatic;
				CURRENT_PROJECT_VERSION = 1;
				DEVELOPMENT_ASSET_PATHS = "\"studings/Preview Content\"";
				DEVELOPMENT_TEAM = 9979BN6G3A;
				ENABLE_PREVIEWS = YES;
				GENERATE_INFOPLIST_FILE = YES;
				INFOPLIST_KEY_UIApplicationSceneManifest_Generation = YES;
				INFOPLIST_KEY_UIApplicationSupportsIndirectInputEvents = YES;
				INFOPLIST_KEY_UILaunchScreen_Generation = YES;
				INFOPLIST_KEY_UISupportedInterfaceOrientations_iPad = "UIInterfaceOrientationPortrait UIInterfaceOrientationPortraitUpsideDown UIInterfaceOrientationLandscapeLeft UIInterfaceOrientationLandscapeRight";
				INFOPLIST_KEY_UISupportedInterfaceOrientations_iPhone = "UIInterfaceOrientationPortrait UIInterfaceOrientationLandscapeLeft UIInterfaceOrientationLandscapeRight";
				LD_RUNPATH_SEARCH_PATHS = (
					"$(inherited)",
					"@executable_path/Frameworks",
				);
				MARKETING_VERSION = 1.0;
				PRODUCT_BUNDLE_IDENTIFIER = study.studings;
				PRODUCT_NAME = "$(TARGET_NAME)";
				SWIFT_EMIT_LOC_STRINGS = YES;
				SWIFT_VERSION = 5.0;
				TARGETED_DEVICE_FAMILY = "1,2";
			};
			name = Debug;
		};
		278933962DA8AF5600726EA2 /* Release */ = {
			isa = XCBuildConfiguration;
			buildSettings = {
				ASSETCATALOG_COMPILER_APPICON_NAME = AppIcon;
				ASSETCATALOG_COMPILER_GLOBAL_ACCENT_COLOR_NAME = AccentColor;
				CODE_SIGN_STYLE = Automatic;
				CURRENT_PROJECT_VERSION = 1;
				DEVELOPMENT_ASSET_PATHS = "\"studings/Preview Content\"";
				DEVELOPMENT_TEAM = 9979BN6G3A;
				ENABLE_PREVIEWS = YES;
				GENERATE_INFOPLIST_FILE = YES;
				INFOPLIST_KEY_UIApplicationSceneManifest_Generation = YES;
				INFOPLIST_KEY_UIApplicationSupportsIndirectInputEvents = YES;
				INFOPLIST_KEY_UILaunchScreen_Generation = YES;
				INFOPLIST_KEY_UISupportedInterfaceOrientations_iPad = "UIInterfaceOrientationPortrait UIInterfaceOrientationPortraitUpsideDown UIInterfaceOrientationLandscapeLeft UIInterfaceOrientationLandscapeRight";
				INFOPLIST_KEY_UISupportedInterfaceOrientations_iPhone = "UIInterfaceOrientationPortrait UIInterfaceOrientationLandscapeLeft UIInterfaceOrientationLandscapeRight";
				LD_RUNPATH_SEARCH_PATHS = (
					"$(inherited)",
					"@executable_path/Frameworks",
				);
				MARKETING_VERSION = 1.0;
				PRODUCT_BUNDLE_IDENTIFIER = study.studings;
				PRODUCT_NAME = "$(TARGET_NAME)";
				SWIFT_EMIT_LOC_STRINGS = YES;
				SWIFT_VERSION = 5.0;
				TARGETED_DEVICE_FAMILY = "1,2";
			};
			name = Release;
		};
/* End XCBuildConfiguration section */

/* Begin XCConfigurationList section */
		278933812DA8AF5100726EA2 /* Build configuration list for PBXProject "studings" */ = {
			isa = XCConfigurationList;
			buildConfigurations = (
				278933922DA8AF5600726EA2 /* Debug */,
				278933932DA8AF5600726EA2 /* Release */,
			);
			defaultConfigurationIsVisible = 0;
			defaultConfigurationName = Release;
		};
		278933942DA8AF5600726EA2 /* Build configuration list for PBXNativeTarget "studings" */ = {
			isa = XCConfigurationList;
			buildConfigurations = (
				278933952DA8AF5600726EA2 /* Debug */,
				278933962DA8AF5600726EA2 /* Release */,
			);
			defaultConfigurationIsVisible = 0;
			defaultConfigurationName = Release;
		};
/* End XCConfigurationList section */
	};
	rootObject = 2789337E2DA8AF5100726EA2 /* Project object */;
}
